
Microsoft Visual Studio Solution File, Format Version 12.00
# Visual Studio Version 16
VisualStudioVersion = 16.0.31005.135
MinimumVisualStudioVersion = 10.0.40219.1
Project("{FAE04EC0-301F-11D3-BF4B-00C04F79EFBC}") = "CMS", "CMS.csproj", "{CF088B82-FB5B-4132-B16A-5E9D4BD7FA75}"
EndProject
Global
	GlobalSection(SolutionConfigurationPlatforms) = preSolution
		Debug|Any CPU = Debug|Any CPU
		Release|Any CPU = Release|Any CPU
	EndGlobalSection
	GlobalSection(ProjectConfigurationPlatforms) = postSolution
		{CF088B82-FB5B-4132-B16A-5E9D4BD7FA75}.Debug|Any CPU.ActiveCfg = Debug|Any CPU
		{CF088B82-FB5B-4132-B16A-5E9D4BD7FA75}.Debug|Any CPU.Build.0 = Debug|Any CPU
		{CF088B82-FB5B-4132-B16A-5E9D4BD7FA75}.Release|Any CPU.ActiveCfg = Release|Any CPU
		{CF088B82-FB5B-4132-B16A-5E9D4BD7FA75}.Release|Any CPU.Build.0 = Release|Any CPU
	EndGlobalSection
	GlobalSection(SolutionProperties) = preSolution
		HideSolutionNode = FALSE
	EndGlobalSection
	GlobalSection(ExtensibilityGlobals) = postSolution
		SolutionGuid = {1367A05A-FC14-4295-A533-187BBC15BB57}
	EndGlobalSection
EndGlobal
